
Microsoft Visual Studio Solution File, Format Version 12.00
# Visual Studio Version 16
VisualStudioVersion = 16.0.29025.244
MinimumVisualStudioVersion = 10.0.40219.1
Project("{2150E333-8FDC-42A3-9474-1A3956D46DE8}") = "1 Data Access", "1 Data Access", "{9253CF63-0597-462A-A8B8-5D29F3943D2A}"
EndProject
Project("{2150E333-8FDC-42A3-9474-1A3956D46DE8}") = "2 Business Logic", "2 Business Logic", "{89228C70-B85D-45A8-B338-56467E37BF80}"
EndProject
Project("{2150E333-8FDC-42A3-9474-1A3956D46DE8}") = "3 Service", "3 Service", "{3B02D8D3-60E8-45C1-82A1-835109A93F62}"
EndProject
Project("{9A19103F-16F7-4668-BE54-9A1E7A4F7556}") = "Sisso.BE", "Sisso.BE\Sisso.BE.csproj", "{FE175B75-8A32-4B08-9397-5C4DE5474F07}"
EndProject
Project("{9A19103F-16F7-4668-BE54-9A1E7A4F7556}") = "Sisso.BL", "Sisso.BL\Sisso.BL.csproj", "{3EF1B537-32E4-4E98-B557-42DE46E7558A}"
EndProject
Project("{9A19103F-16F7-4668-BE54-9A1E7A4F7556}") = "Sisso.DAL", "Sisso.DAL\Sisso.DAL.csproj", "{6A95116C-F44D-4265-BFF4-108720C59CD0}"
EndProject
Project("{FAE04EC0-301F-11D3-BF4B-00C04F79EFBC}") = "Sisso.Service", "Sisso.Service\Sisso.Service.csproj", "{E0F392FC-7F28-4C41-8E73-44C019924CDA}"
EndProject
Global
	GlobalSection(SolutionConfigurationPlatforms) = preSolution
		Debug|Any CPU = Debug|Any CPU
		Release|Any CPU = Release|Any CPU
	EndGlobalSection
	GlobalSection(ProjectConfigurationPlatforms) = postSolution
		{FE175B75-8A32-4B08-9397-5C4DE5474F07}.Debug|Any CPU.ActiveCfg = Debug|Any CPU
		{FE175B75-8A32-4B08-9397-5C4DE5474F07}.Debug|Any CPU.Build.0 = Debug|Any CPU
		{FE175B75-8A32-4B08-9397-5C4DE5474F07}.Release|Any CPU.ActiveCfg = Release|Any CPU
		{FE175B75-8A32-4B08-9397-5C4DE5474F07}.Release|Any CPU.Build.0 = Release|Any CPU
		{3EF1B537-32E4-4E98-B557-42DE46E7558A}.Debug|Any CPU.ActiveCfg = Debug|Any CPU
		{3EF1B537-32E4-4E98-B557-42DE46E7558A}.Debug|Any CPU.Build.0 = Debug|Any CPU
		{3EF1B537-32E4-4E98-B557-42DE46E7558A}.Release|Any CPU.ActiveCfg = Release|Any CPU
		{3EF1B537-32E4-4E98-B557-42DE46E7558A}.Release|Any CPU.Build.0 = Release|Any CPU
		{6A95116C-F44D-4265-BFF4-108720C59CD0}.Debug|Any CPU.ActiveCfg = Debug|Any CPU
		{6A95116C-F44D-4265-BFF4-108720C59CD0}.Debug|Any CPU.Build.0 = Debug|Any CPU
		{6A95116C-F44D-4265-BFF4-108720C59CD0}.Release|Any CPU.ActiveCfg = Release|Any CPU
		{6A95116C-F44D-4265-BFF4-108720C59CD0}.Release|Any CPU.Build.0 = Release|Any CPU
		{E0F392FC-7F28-4C41-8E73-44C019924CDA}.Debug|Any CPU.ActiveCfg = Debug|Any CPU
		{E0F392FC-7F28-4C41-8E73-44C019924CDA}.Debug|Any CPU.Build.0 = Debug|Any CPU
		{E0F392FC-7F28-4C41-8E73-44C019924CDA}.Release|Any CPU.ActiveCfg = Release|Any CPU
		{E0F392FC-7F28-4C41-8E73-44C019924CDA}.Release|Any CPU.Build.0 = Release|Any CPU
	EndGlobalSection
	GlobalSection(SolutionProperties) = preSolution
		HideSolutionNode = FALSE
	EndGlobalSection
	GlobalSection(NestedProjects) = preSolution
		{FE175B75-8A32-4B08-9397-5C4DE5474F07} = {89228C70-B85D-45A8-B338-56467E37BF80}
		{3EF1B537-32E4-4E98-B557-42DE46E7558A} = {89228C70-B85D-45A8-B338-56467E37BF80}
		{6A95116C-F44D-4265-BFF4-108720C59CD0} = {9253CF63-0597-462A-A8B8-5D29F3943D2A}
		{E0F392FC-7F28-4C41-8E73-44C019924CDA} = {3B02D8D3-60E8-45C1-82A1-835109A93F62}
	EndGlobalSection
	GlobalSection(ExtensibilityGlobals) = postSolution
		SolutionGuid = {0842103D-01E9-4265-AAE7-EF283E3B4519}
	EndGlobalSection
EndGlobal
